
Microsoft Visual Studio Solution File, Format Version 12.00
# Visual Studio Version 17
VisualStudioVersion = 17.14.36804.6 d17.14
MinimumVisualStudioVersion = 10.0.40219.1
Project("{FAE04EC0-301F-11D3-BF4B-00C04F79EFBC}") = "LabAssistanteProject", "LabAssistanteProject\LabAssistanteProject.csproj", "{3680C501-1BDE-45AB-ACAF-55A23A3B926F}"
EndProject
Global
	GlobalSection(SolutionConfigurationPlatforms) = preSolution
		Debug|Any CPU = Debug|Any CPU
		Release|Any CPU = Release|Any CPU
	EndGlobalSection
	GlobalSection(ProjectConfigurationPlatforms) = postSolution
		{3680C501-1BDE-45AB-ACAF-55A23A3B926F}.Debug|Any CPU.ActiveCfg = Debug|Any CPU
		{3680C501-1BDE-45AB-ACAF-55A23A3B926F}.Debug|Any CPU.Build.0 = Debug|Any CPU
		{3680C501-1BDE-45AB-ACAF-55A23A3B926F}.Release|Any CPU.ActiveCfg = Release|Any CPU
		{3680C501-1BDE-45AB-ACAF-55A23A3B926F}.Release|Any CPU.Build.0 = Release|Any CPU
	EndGlobalSection
	GlobalSection(SolutionProperties) = preSolution
		HideSolutionNode = FALSE
	EndGlobalSection
	GlobalSection(ExtensibilityGlobals) = postSolution
		SolutionGuid = {B6A099F4-C1D9-4B3F-9E4A-62F792C9CC27}
	EndGlobalSection
EndGlobal
